
Microsoft Visual Studio Solution File, Format Version 12.00
# Visual Studio Version 17
VisualStudioVersion = 17.1.32407.343
MinimumVisualStudioVersion = 10.0.40219.1
Project("{9A19103F-16F7-4668-BE54-9A1E7A4F7556}") = "TutoProxy.Server", "TutoProxy.Server\TutoProxy.Server.csproj", "{CD55A2D7-B5D3-4738-ABFB-8564EA9AF6B9}"
EndProject
Project("{9A19103F-16F7-4668-BE54-9A1E7A4F7556}") = "TutoProxy.Server.Tests", "TutoProxy.Server.Tests\TutoProxy.Server.Tests.csproj", "{0CBB9A2E-E939-4050-9229-028834C334F4}"
EndProject
Project("{9A19103F-16F7-4668-BE54-9A1E7A4F7556}") = "TuToProxy.Core", "TuToProxy.Core\TuToProxy.Core.csproj", "{0552176D-0064-47E7-AFAE-2EE48758B511}"
EndProject
Project("{9A19103F-16F7-4668-BE54-9A1E7A4F7556}") = "TuToProxy.Core.Tests", "TuToProxy.Core.Tests\TuToProxy.Core.Tests.csproj", "{74E925B0-3373-4B4E-83D7-84830FF88842}"
EndProject
Project("{9A19103F-16F7-4668-BE54-9A1E7A4F7556}") = "TutoProxy.Client", "TutoProxy.Client\TutoProxy.Client.csproj", "{05208C1D-DEB4-4C07-8852-23939399A816}"
EndProject
Project("{2150E333-8FDC-42A3-9474-1A3956D46DE8}") = "Tests", "Tests", "{34EABC39-B485-497E-A04A-C09A3EFEAADE}"
EndProject
Project("{9A19103F-16F7-4668-BE54-9A1E7A4F7556}") = "UdpClient", "TestClients\UdpClient\UdpClient.csproj", "{647A1398-162B-4B34-AB91-0FE8128B71E9}"
EndProject
Project("{9A19103F-16F7-4668-BE54-9A1E7A4F7556}") = "UdpServer", "TestClients\UdpServer\UdpServer.csproj", "{2EADA73C-75FD-4276-A6D3-C6B3402B24C2}"
EndProject
Project("{9A19103F-16F7-4668-BE54-9A1E7A4F7556}") = "TcpClient", "TestClients\TcpClient\TcpClient.csproj", "{FCE94E03-D11D-4E48-9C99-AB00EE9D38D9}"
EndProject
Project("{9A19103F-16F7-4668-BE54-9A1E7A4F7556}") = "TcpServer", "TestClients\TcpServer\TcpServer.csproj", "{E2B6A04F-E836-4A45-A567-4EBBC9B944CC}"
EndProject
Project("{FAE04EC0-301F-11D3-BF4B-00C04F79EFBC}") = "TutoProxy.Client.Tests", "TutoProxy.Client.Tests\TutoProxy.Client.Tests.csproj", "{45F8C499-A2F5-4ADF-9C76-C116479B72BA}"
EndProject
Global
	GlobalSection(SolutionConfigurationPlatforms) = preSolution
		Debug|Any CPU = Debug|Any CPU
		Release|Any CPU = Release|Any CPU
	EndGlobalSection
	GlobalSection(ProjectConfigurationPlatforms) = postSolution
		{CD55A2D7-B5D3-4738-ABFB-8564EA9AF6B9}.Debug|Any CPU.ActiveCfg = Debug|Any CPU
		{CD55A2D7-B5D3-4738-ABFB-8564EA9AF6B9}.Debug|Any CPU.Build.0 = Debug|Any CPU
		{CD55A2D7-B5D3-4738-ABFB-8564EA9AF6B9}.Release|Any CPU.ActiveCfg = Release|Any CPU
		{CD55A2D7-B5D3-4738-ABFB-8564EA9AF6B9}.Release|Any CPU.Build.0 = Release|Any CPU
		{0CBB9A2E-E939-4050-9229-028834C334F4}.Debug|Any CPU.ActiveCfg = Debug|Any CPU
		{0CBB9A2E-E939-4050-9229-028834C334F4}.Debug|Any CPU.Build.0 = Debug|Any CPU
		{0CBB9A2E-E939-4050-9229-028834C334F4}.Release|Any CPU.ActiveCfg = Release|Any CPU
		{0CBB9A2E-E939-4050-9229-028834C334F4}.Release|Any CPU.Build.0 = Release|Any CPU
		{0552176D-0064-47E7-AFAE-2EE48758B511}.Debug|Any CPU.ActiveCfg = Debug|Any CPU
		{0552176D-0064-47E7-AFAE-2EE48758B511}.Debug|Any CPU.Build.0 = Debug|Any CPU
		{0552176D-0064-47E7-AFAE-2EE48758B511}.Release|Any CPU.ActiveCfg = Release|Any CPU
		{0552176D-0064-47E7-AFAE-2EE48758B511}.Release|Any CPU.Build.0 = Release|Any CPU
		{74E925B0-3373-4B4E-83D7-84830FF88842}.Debug|Any CPU.ActiveCfg = Debug|Any CPU
		{74E925B0-3373-4B4E-83D7-84830FF88842}.Debug|Any CPU.Build.0 = Debug|Any CPU
		{74E925B0-3373-4B4E-83D7-84830FF88842}.Release|Any CPU.ActiveCfg = Release|Any CPU
		{74E925B0-3373-4B4E-83D7-84830FF88842}.Release|Any CPU.Build.0 = Release|Any CPU
		{05208C1D-DEB4-4C07-8852-23939399A816}.Debug|Any CPU.ActiveCfg = Debug|Any CPU
		{05208C1D-DEB4-4C07-8852-23939399A816}.Debug|Any CPU.Build.0 = Debug|Any CPU
		{05208C1D-DEB4-4C07-8852-23939399A816}.Release|Any CPU.ActiveCfg = Release|Any CPU
		{05208C1D-DEB4-4C07-8852-23939399A816}.Release|Any CPU.Build.0 = Release|Any CPU
		{647A1398-162B-4B34-AB91-0FE8128B71E9}.Debug|Any CPU.ActiveCfg = Debug|Any CPU
		{647A1398-162B-4B34-AB91-0FE8128B71E9}.Debug|Any CPU.Build.0 = Debug|Any CPU
		{647A1398-162B-4B34-AB91-0FE8128B71E9}.Release|Any CPU.ActiveCfg = Release|Any CPU
		{647A1398-162B-4B34-AB91-0FE8128B71E9}.Release|Any CPU.Build.0 = Release|Any CPU
		{2EADA73C-75FD-4276-A6D3-C6B3402B24C2}.Debug|Any CPU.ActiveCfg = Debug|Any CPU
		{2EADA73C-75FD-4276-A6D3-C6B3402B24C2}.Debug|Any CPU.Build.0 = Debug|Any CPU
		{2EADA73C-75FD-4276-A6D3-C6B3402B24C2}.Release|Any CPU.ActiveCfg = Release|Any CPU
		{2EADA73C-75FD-4276-A6D3-C6B3402B24C2}.Release|Any CPU.Build.0 = Release|Any CPU
		{FCE94E03-D11D-4E48-9C99-AB00EE9D38D9}.Debug|Any CPU.ActiveCfg = Debug|Any CPU
		{FCE94E03-D11D-4E48-9C99-AB00EE9D38D9}.Debug|Any CPU.Build.0 = Debug|Any CPU
		{FCE94E03-D11D-4E48-9C99-AB00EE9D38D9}.Release|Any CPU.ActiveCfg = Release|Any CPU
		{FCE94E03-D11D-4E48-9C99-AB00EE9D38D9}.Release|Any CPU.Build.0 = Release|Any CPU
		{E2B6A04F-E836-4A45-A567-4EBBC9B944CC}.Debug|Any CPU.ActiveCfg = Debug|Any CPU
		{E2B6A04F-E836-4A45-A567-4EBBC9B944CC}.Debug|Any CPU.Build.0 = Debug|Any CPU
		{E2B6A04F-E836-4A45-A567-4EBBC9B944CC}.Release|Any CPU.ActiveCfg = Release|Any CPU
		{E2B6A04F-E836-4A45-A567-4EBBC9B944CC}.Release|Any CPU.Build.0 = Release|Any CPU
		{45F8C499-A2F5-4ADF-9C76-C116479B72BA}.Debug|Any CPU.ActiveCfg = Debug|Any CPU
		{45F8C499-A2F5-4ADF-9C76-C116479B72BA}.Debug|Any CPU.Build.0 = Debug|Any CPU
		{45F8C499-A2F5-4ADF-9C76-C116479B72BA}.Release|Any CPU.ActiveCfg = Release|Any CPU
		{45F8C499-A2F5-4ADF-9C76-C116479B72BA}.Release|Any CPU.Build.0 = Release|Any CPU
	EndGlobalSection
	GlobalSection(SolutionProperties) = preSolution
		HideSolutionNode = FALSE
	EndGlobalSection
	GlobalSection(NestedProjects) = preSolution
		{0CBB9A2E-E939-4050-9229-028834C334F4} = {34EABC39-B485-497E-A04A-C09A3EFEAADE}
		{74E925B0-3373-4B4E-83D7-84830FF88842} = {34EABC39-B485-497E-A04A-C09A3EFEAADE}
		{647A1398-162B-4B34-AB91-0FE8128B71E9} = {34EABC39-B485-497E-A04A-C09A3EFEAADE}
		{2EADA73C-75FD-4276-A6D3-C6B3402B24C2} = {34EABC39-B485-497E-A04A-C09A3EFEAADE}
		{FCE94E03-D11D-4E48-9C99-AB00EE9D38D9} = {34EABC39-B485-497E-A04A-C09A3EFEAADE}
		{E2B6A04F-E836-4A45-A567-4EBBC9B944CC} = {34EABC39-B485-497E-A04A-C09A3EFEAADE}
		{45F8C499-A2F5-4ADF-9C76-C116479B72BA} = {34EABC39-B485-497E-A04A-C09A3EFEAADE}
	EndGlobalSection
	GlobalSection(ExtensibilityGlobals) = postSolution
		SolutionGuid = {55C62922-39E4-45DC-BED4-4413A760F011}
	EndGlobalSection
EndGlobal
